
Microsoft Visual Studio Solution File, Format Version 12.00
# Visual Studio Version 17
VisualStudioVersion = 17.8.34330.188
MinimumVisualStudioVersion = 10.0.40219.1
Project("{FAE04EC0-301F-11D3-BF4B-00C04F79EFBC}") = "APIMediatorCRUD", "APIMediatorCRUD.csproj", "{861DA4A7-DE86-495E-9384-185790B82493}"
EndProject
Global
	GlobalSection(SolutionConfigurationPlatforms) = preSolution
		Debug|Any CPU = Debug|Any CPU
		Release|Any CPU = Release|Any CPU
	EndGlobalSection
	GlobalSection(ProjectConfigurationPlatforms) = postSolution
		{861DA4A7-DE86-495E-9384-185790B82493}.Debug|Any CPU.ActiveCfg = Debug|Any CPU
		{861DA4A7-DE86-495E-9384-185790B82493}.Debug|Any CPU.Build.0 = Debug|Any CPU
		{861DA4A7-DE86-495E-9384-185790B82493}.Release|Any CPU.ActiveCfg = Release|Any CPU
		{861DA4A7-DE86-495E-9384-185790B82493}.Release|Any CPU.Build.0 = Release|Any CPU
	EndGlobalSection
	GlobalSection(SolutionProperties) = preSolution
		HideSolutionNode = FALSE
	EndGlobalSection
	GlobalSection(ExtensibilityGlobals) = postSolution
		SolutionGuid = {43946C66-2BAA-46BA-B7FE-41511584841C}
	EndGlobalSection
EndGlobal
