
Microsoft Visual Studio Solution File, Format Version 12.00
# Visual Studio Version 17
VisualStudioVersion = 17.8.34330.188
MinimumVisualStudioVersion = 10.0.40219.1
Project("{2150E333-8FDC-42A3-9474-1A3956D46DE8}") = "src", "src", "{39FBB40C-F370-413D-8648-C856FFB8F78E}"
EndProject
Project("{9A19103F-16F7-4668-BE54-9A1E7A4F7556}") = "API", "..\..\Dotnet-CRUD-Api\src\API\API.csproj", "{2F2FA71B-AA14-4E70-9F97-1FB7113ABEB0}"
EndProject
Project("{2150E333-8FDC-42A3-9474-1A3956D46DE8}") = "Core", "Core", "{281B2963-3AA2-406C-B0BA-B45D41146BA2}"
EndProject
Project("{9A19103F-16F7-4668-BE54-9A1E7A4F7556}") = "Application", "..\..\Dotnet-CRUD-Api\src\Core\Application\Application.csproj", "{B3994043-A279-4DBE-A959-7DEE79B0ECE3}"
EndProject
Project("{9A19103F-16F7-4668-BE54-9A1E7A4F7556}") = "Dominio", "..\..\Dotnet-CRUD-Api\src\Core\Domain\Dominio.csproj", "{6D44CAC7-16E7-4A11-91C4-8BE2903773A9}"
EndProject
Project("{9A19103F-16F7-4668-BE54-9A1E7A4F7556}") = "Data", "..\..\Dotnet-CRUD-Api\src\Data\Data.csproj", "{1AB0EBAA-E7E7-4EC4-9AFC-C51772E0868C}"
EndProject
Project("{9A19103F-16F7-4668-BE54-9A1E7A4F7556}") = "DTO", "..\..\Dotnet-CRUD-Api\src\DTO\DTO.csproj", "{DFE62221-A655-4443-95D2-D883196A531B}"
EndProject
Project("{9A19103F-16F7-4668-BE54-9A1E7A4F7556}") = "Infrastructure", "..\..\Dotnet-CRUD-Api\src\Infrastructure\Infrastructure.csproj", "{AB5F1B27-D6DA-4A2C-8E1B-4BCCEA9D4175}"
EndProject
Global
	GlobalSection(SolutionConfigurationPlatforms) = preSolution
		Debug|Any CPU = Debug|Any CPU
		Release|Any CPU = Release|Any CPU
	EndGlobalSection
	GlobalSection(ProjectConfigurationPlatforms) = postSolution
		{2F2FA71B-AA14-4E70-9F97-1FB7113ABEB0}.Debug|Any CPU.ActiveCfg = Debug|Any CPU
		{2F2FA71B-AA14-4E70-9F97-1FB7113ABEB0}.Debug|Any CPU.Build.0 = Debug|Any CPU
		{2F2FA71B-AA14-4E70-9F97-1FB7113ABEB0}.Release|Any CPU.ActiveCfg = Release|Any CPU
		{2F2FA71B-AA14-4E70-9F97-1FB7113ABEB0}.Release|Any CPU.Build.0 = Release|Any CPU
		{B3994043-A279-4DBE-A959-7DEE79B0ECE3}.Debug|Any CPU.ActiveCfg = Debug|Any CPU
		{B3994043-A279-4DBE-A959-7DEE79B0ECE3}.Debug|Any CPU.Build.0 = Debug|Any CPU
		{B3994043-A279-4DBE-A959-7DEE79B0ECE3}.Release|Any CPU.ActiveCfg = Release|Any CPU
		{B3994043-A279-4DBE-A959-7DEE79B0ECE3}.Release|Any CPU.Build.0 = Release|Any CPU
		{6D44CAC7-16E7-4A11-91C4-8BE2903773A9}.Debug|Any CPU.ActiveCfg = Debug|Any CPU
		{6D44CAC7-16E7-4A11-91C4-8BE2903773A9}.Debug|Any CPU.Build.0 = Debug|Any CPU
		{6D44CAC7-16E7-4A11-91C4-8BE2903773A9}.Release|Any CPU.ActiveCfg = Release|Any CPU
		{6D44CAC7-16E7-4A11-91C4-8BE2903773A9}.Release|Any CPU.Build.0 = Release|Any CPU
		{1AB0EBAA-E7E7-4EC4-9AFC-C51772E0868C}.Debug|Any CPU.ActiveCfg = Debug|Any CPU
		{1AB0EBAA-E7E7-4EC4-9AFC-C51772E0868C}.Debug|Any CPU.Build.0 = Debug|Any CPU
		{1AB0EBAA-E7E7-4EC4-9AFC-C51772E0868C}.Release|Any CPU.ActiveCfg = Release|Any CPU
		{1AB0EBAA-E7E7-4EC4-9AFC-C51772E0868C}.Release|Any CPU.Build.0 = Release|Any CPU
		{DFE62221-A655-4443-95D2-D883196A531B}.Debug|Any CPU.ActiveCfg = Debug|Any CPU
		{DFE62221-A655-4443-95D2-D883196A531B}.Debug|Any CPU.Build.0 = Debug|Any CPU
		{DFE62221-A655-4443-95D2-D883196A531B}.Release|Any CPU.ActiveCfg = Release|Any CPU
		{DFE62221-A655-4443-95D2-D883196A531B}.Release|Any CPU.Build.0 = Release|Any CPU
		{AB5F1B27-D6DA-4A2C-8E1B-4BCCEA9D4175}.Debug|Any CPU.ActiveCfg = Debug|Any CPU
		{AB5F1B27-D6DA-4A2C-8E1B-4BCCEA9D4175}.Debug|Any CPU.Build.0 = Debug|Any CPU
		{AB5F1B27-D6DA-4A2C-8E1B-4BCCEA9D4175}.Release|Any CPU.ActiveCfg = Release|Any CPU
		{AB5F1B27-D6DA-4A2C-8E1B-4BCCEA9D4175}.Release|Any CPU.Build.0 = Release|Any CPU
	EndGlobalSection
	GlobalSection(SolutionProperties) = preSolution
		HideSolutionNode = FALSE
	EndGlobalSection
	GlobalSection(NestedProjects) = preSolution
		{2F2FA71B-AA14-4E70-9F97-1FB7113ABEB0} = {39FBB40C-F370-413D-8648-C856FFB8F78E}
		{281B2963-3AA2-406C-B0BA-B45D41146BA2} = {39FBB40C-F370-413D-8648-C856FFB8F78E}
		{B3994043-A279-4DBE-A959-7DEE79B0ECE3} = {281B2963-3AA2-406C-B0BA-B45D41146BA2}
		{6D44CAC7-16E7-4A11-91C4-8BE2903773A9} = {281B2963-3AA2-406C-B0BA-B45D41146BA2}
		{1AB0EBAA-E7E7-4EC4-9AFC-C51772E0868C} = {39FBB40C-F370-413D-8648-C856FFB8F78E}
		{DFE62221-A655-4443-95D2-D883196A531B} = {39FBB40C-F370-413D-8648-C856FFB8F78E}
		{AB5F1B27-D6DA-4A2C-8E1B-4BCCEA9D4175} = {39FBB40C-F370-413D-8648-C856FFB8F78E}
	EndGlobalSection
	GlobalSection(ExtensibilityGlobals) = postSolution
		SolutionGuid = {43946C66-2BAA-46BA-B7FE-41511584841C}
	EndGlobalSection
EndGlobal
